
Microsoft Visual Studio Solution File, Format Version 12.00
# Visual Studio Version 16
VisualStudioVersion = 16.0.29926.136
MinimumVisualStudioVersion = 10.0.40219.1
Project("{9A19103F-16F7-4668-BE54-9A1E7A4F7556}") = "RockLib.Diagnostics", "RockLib.Diagnostics\RockLib.Diagnostics.csproj", "{69B6A78E-8734-4C10-AEEA-FCC5C5E45CFE}"
EndProject
Project("{9A19103F-16F7-4668-BE54-9A1E7A4F7556}") = "RockLib.Diagnostics.UnitTests.netcoreapp2.0", "RockLib.Diagnostics.UnitTests\netcoreapp2.0\RockLib.Diagnostics.UnitTests.netcoreapp2.0.csproj", "{DE66FC2C-CAC9-42E2-B855-63B101EA9B81}"
EndProject
Project("{D954291E-2A0B-460D-934E-DC6B0785DB48}") = "RockLib.Diagnostics.UnitTests", "RockLib.Diagnostics.UnitTests\RockLib.Diagnostics.UnitTests.shproj", "{3FF67F13-C58E-4511-AF51-8D02AA779112}"
EndProject
Project("{9A19103F-16F7-4668-BE54-9A1E7A4F7556}") = "RockLib.Diagnostics.UnitTests.net462", "RockLib.Diagnostics.UnitTests\net462\RockLib.Diagnostics.UnitTests.net462.csproj", "{8AA76477-3CFE-4200-9C62-705F80E535AB}"
EndProject
Project("{9A19103F-16F7-4668-BE54-9A1E7A4F7556}") = "RockLib.Diagnostics.UnitTests.netcoreapp1.1", "RockLib.Diagnostics.UnitTests\netcoreapp1.1\RockLib.Diagnostics.UnitTests.netcoreapp1.1.csproj", "{7AD829F6-B473-41B7-8EA9-7F7D6EB3E928}"
EndProject
Project("{D954291E-2A0B-460D-934E-DC6B0785DB48}") = "RockLib.Diagnostics.ConfigTests", "RockLib.Diagnostics.ConfigTests\RockLib.Diagnostics.ConfigTests.shproj", "{7197572B-9CAA-4F88-BFDD-C616BCDF4C5A}"
EndProject
Project("{9A19103F-16F7-4668-BE54-9A1E7A4F7556}") = "RockLib.Diagnostics.ConfigTests.net462", "RockLib.Diagnostics.ConfigTests\net462\RockLib.Diagnostics.ConfigTests.net462.csproj", "{C10720E1-9402-4D35-9DB3-0D877AD8D0F9}"
EndProject
Project("{9A19103F-16F7-4668-BE54-9A1E7A4F7556}") = "RockLib.Diagnostics.ConfigTests.netcoreapp1.1", "RockLib.Diagnostics.ConfigTests\netcoreapp1.1\RockLib.Diagnostics.ConfigTests.netcoreapp1.1.csproj", "{20CFCAFC-3EA4-43CC-97BC-B71435E3D186}"
EndProject
Project("{9A19103F-16F7-4668-BE54-9A1E7A4F7556}") = "RockLib.Diagnostics.ConfigTests.netcoreapp2.0", "RockLib.Diagnostics.ConfigTests\netcoreapp2.0\RockLib.Diagnostics.ConfigTests.netcoreapp2.0.csproj", "{92266BE7-7773-4E2B-9B9A-8D814725E62C}"
EndProject
Global
	GlobalSection(SharedMSBuildProjectFiles) = preSolution
		RockLib.Diagnostics.ConfigTests\RockLib.Diagnostics.ConfigTests.projitems*{20cfcafc-3ea4-43cc-97bc-b71435e3d186}*SharedItemsImports = 5
		RockLib.Diagnostics.UnitTests\RockLib.Diagnostics.UnitTests.projitems*{3ff67f13-c58e-4511-af51-8d02aa779112}*SharedItemsImports = 13
		RockLib.Diagnostics.ConfigTests\RockLib.Diagnostics.ConfigTests.projitems*{7197572b-9caa-4f88-bfdd-c616bcdf4c5a}*SharedItemsImports = 13
		RockLib.Diagnostics.UnitTests\RockLib.Diagnostics.UnitTests.projitems*{7ad829f6-b473-41b7-8ea9-7f7d6eb3e928}*SharedItemsImports = 5
		RockLib.Diagnostics.UnitTests\RockLib.Diagnostics.UnitTests.projitems*{8aa76477-3cfe-4200-9c62-705f80e535ab}*SharedItemsImports = 5
		RockLib.Diagnostics.ConfigTests\RockLib.Diagnostics.ConfigTests.projitems*{92266be7-7773-4e2b-9b9a-8d814725e62c}*SharedItemsImports = 5
		RockLib.Diagnostics.ConfigTests\RockLib.Diagnostics.ConfigTests.projitems*{c10720e1-9402-4d35-9db3-0d877ad8d0f9}*SharedItemsImports = 5
		RockLib.Diagnostics.UnitTests\RockLib.Diagnostics.UnitTests.projitems*{de66fc2c-cac9-42e2-b855-63b101ea9b81}*SharedItemsImports = 5
	EndGlobalSection
	GlobalSection(SolutionConfigurationPlatforms) = preSolution
		Debug|Any CPU = Debug|Any CPU
		Release|Any CPU = Release|Any CPU
	EndGlobalSection
	GlobalSection(ProjectConfigurationPlatforms) = postSolution
		{69B6A78E-8734-4C10-AEEA-FCC5C5E45CFE}.Debug|Any CPU.ActiveCfg = Debug|Any CPU
		{69B6A78E-8734-4C10-AEEA-FCC5C5E45CFE}.Debug|Any CPU.Build.0 = Debug|Any CPU
		{69B6A78E-8734-4C10-AEEA-FCC5C5E45CFE}.Release|Any CPU.ActiveCfg = Release|Any CPU
		{69B6A78E-8734-4C10-AEEA-FCC5C5E45CFE}.Release|Any CPU.Build.0 = Release|Any CPU
		{DE66FC2C-CAC9-42E2-B855-63B101EA9B81}.Debug|Any CPU.ActiveCfg = Debug|Any CPU
		{DE66FC2C-CAC9-42E2-B855-63B101EA9B81}.Debug|Any CPU.Build.0 = Debug|Any CPU
		{DE66FC2C-CAC9-42E2-B855-63B101EA9B81}.Release|Any CPU.ActiveCfg = Release|Any CPU
		{DE66FC2C-CAC9-42E2-B855-63B101EA9B81}.Release|Any CPU.Build.0 = Release|Any CPU
		{8AA76477-3CFE-4200-9C62-705F80E535AB}.Debug|Any CPU.ActiveCfg = Debug|Any CPU
		{8AA76477-3CFE-4200-9C62-705F80E535AB}.Debug|Any CPU.Build.0 = Debug|Any CPU
		{8AA76477-3CFE-4200-9C62-705F80E535AB}.Release|Any CPU.ActiveCfg = Release|Any CPU
		{8AA76477-3CFE-4200-9C62-705F80E535AB}.Release|Any CPU.Build.0 = Release|Any CPU
		{7AD829F6-B473-41B7-8EA9-7F7D6EB3E928}.Debug|Any CPU.ActiveCfg = Debug|Any CPU
		{7AD829F6-B473-41B7-8EA9-7F7D6EB3E928}.Debug|Any CPU.Build.0 = Debug|Any CPU
		{7AD829F6-B473-41B7-8EA9-7F7D6EB3E928}.Release|Any CPU.ActiveCfg = Release|Any CPU
		{7AD829F6-B473-41B7-8EA9-7F7D6EB3E928}.Release|Any CPU.Build.0 = Release|Any CPU
		{C10720E1-9402-4D35-9DB3-0D877AD8D0F9}.Debug|Any CPU.ActiveCfg = Debug|Any CPU
		{C10720E1-9402-4D35-9DB3-0D877AD8D0F9}.Debug|Any CPU.Build.0 = Debug|Any CPU
		{C10720E1-9402-4D35-9DB3-0D877AD8D0F9}.Release|Any CPU.ActiveCfg = Release|Any CPU
		{C10720E1-9402-4D35-9DB3-0D877AD8D0F9}.Release|Any CPU.Build.0 = Release|Any CPU
		{20CFCAFC-3EA4-43CC-97BC-B71435E3D186}.Debug|Any CPU.ActiveCfg = Debug|Any CPU
		{20CFCAFC-3EA4-43CC-97BC-B71435E3D186}.Debug|Any CPU.Build.0 = Debug|Any CPU
		{20CFCAFC-3EA4-43CC-97BC-B71435E3D186}.Release|Any CPU.ActiveCfg = Release|Any CPU
		{20CFCAFC-3EA4-43CC-97BC-B71435E3D186}.Release|Any CPU.Build.0 = Release|Any CPU
		{92266BE7-7773-4E2B-9B9A-8D814725E62C}.Debug|Any CPU.ActiveCfg = Debug|Any CPU
		{92266BE7-7773-4E2B-9B9A-8D814725E62C}.Debug|Any CPU.Build.0 = Debug|Any CPU
		{92266BE7-7773-4E2B-9B9A-8D814725E62C}.Release|Any CPU.ActiveCfg = Release|Any CPU
		{92266BE7-7773-4E2B-9B9A-8D814725E62C}.Release|Any CPU.Build.0 = Release|Any CPU
	EndGlobalSection
	GlobalSection(SolutionProperties) = preSolution
		HideSolutionNode = FALSE
	EndGlobalSection
	GlobalSection(ExtensibilityGlobals) = postSolution
		SolutionGuid = {AFF49206-AB50-4148-ABDB-C19C7DC297E3}
	EndGlobalSection
EndGlobal
