
Microsoft Visual Studio Solution File, Format Version 12.00
# Visual Studio 15
VisualStudioVersion = 15.0.27004.2009
MinimumVisualStudioVersion = 10.0.40219.1
Project("{9A19103F-16F7-4668-BE54-9A1E7A4F7556}") = "RockLib.Diagnostics", "RockLib.Diagnostics\RockLib.Diagnostics.csproj", "{69B6A78E-8734-4C10-AEEA-FCC5C5E45CFE}"
EndProject
Project("{9A19103F-16F7-4668-BE54-9A1E7A4F7556}") = "RockLib.Diagnostics.ConfigTests", "RockLib.Diagnostics.ConfigTests\RockLib.Diagnostics.ConfigTests.csproj", "{33002261-2E90-4158-A870-7635EBC17C44}"
EndProject
Project("{9A19103F-16F7-4668-BE54-9A1E7A4F7556}") = "RockLib.Diagnostics.UnitTests", "RockLib.Diagnostics.UnitTests\RockLib.Diagnostics.UnitTests.csproj", "{6C9AA8DF-0D36-464E-9042-43B6B1672B48}"
EndProject
Global
	GlobalSection(SolutionConfigurationPlatforms) = preSolution
		Debug|Any CPU = Debug|Any CPU
		Release|Any CPU = Release|Any CPU
	EndGlobalSection
	GlobalSection(ProjectConfigurationPlatforms) = postSolution
		{69B6A78E-8734-4C10-AEEA-FCC5C5E45CFE}.Debug|Any CPU.ActiveCfg = Debug|Any CPU
		{69B6A78E-8734-4C10-AEEA-FCC5C5E45CFE}.Debug|Any CPU.Build.0 = Debug|Any CPU
		{69B6A78E-8734-4C10-AEEA-FCC5C5E45CFE}.Release|Any CPU.ActiveCfg = Release|Any CPU
		{69B6A78E-8734-4C10-AEEA-FCC5C5E45CFE}.Release|Any CPU.Build.0 = Release|Any CPU
		{33002261-2E90-4158-A870-7635EBC17C44}.Debug|Any CPU.ActiveCfg = Debug|Any CPU
		{33002261-2E90-4158-A870-7635EBC17C44}.Debug|Any CPU.Build.0 = Debug|Any CPU
		{33002261-2E90-4158-A870-7635EBC17C44}.Release|Any CPU.ActiveCfg = Release|Any CPU
		{33002261-2E90-4158-A870-7635EBC17C44}.Release|Any CPU.Build.0 = Release|Any CPU
		{6C9AA8DF-0D36-464E-9042-43B6B1672B48}.Debug|Any CPU.ActiveCfg = Debug|Any CPU
		{6C9AA8DF-0D36-464E-9042-43B6B1672B48}.Debug|Any CPU.Build.0 = Debug|Any CPU
		{6C9AA8DF-0D36-464E-9042-43B6B1672B48}.Release|Any CPU.ActiveCfg = Release|Any CPU
		{6C9AA8DF-0D36-464E-9042-43B6B1672B48}.Release|Any CPU.Build.0 = Release|Any CPU
	EndGlobalSection
	GlobalSection(SolutionProperties) = preSolution
		HideSolutionNode = FALSE
	EndGlobalSection
	GlobalSection(ExtensibilityGlobals) = postSolution
		SolutionGuid = {AFF49206-AB50-4148-ABDB-C19C7DC297E3}
	EndGlobalSection
EndGlobal
